// !$*UTF8*$!
{
	archiveVersion = 1;
	classes = {
	};
	objectVersion = 46;
	objects = {

/* Begin PBXBuildFile section */
		B0FE98EA18A6F518007BD817 /* Foundation.framework in Frameworks */ = {isa = PBXBuildFile; fileRef = B0FE98E918A6F518007BD817 /* Foundation.framework */; };
		B0FE98EC18A6F518007BD817 /* CoreGraphics.framework in Frameworks */ = {isa = PBXBuildFile; fileRef = B0FE98EB18A6F518007BD817 /* CoreGraphics.framework */; };
		B0FE98EE18A6F518007BD817 /* UIKit.framework in Frameworks */ = {isa = PBXBuildFile; fileRef = B0FE98ED18A6F518007BD817 /* UIKit.framework */; };
		B0FE98F418A6F518007BD817 /* InfoPlist.strings in Resources */ = {isa = PBXBuildFile; fileRef = B0FE98F218A6F518007BD817 /* InfoPlist.strings */; };
		B0FE98F618A6F518007BD817 /* main.m in Sources */ = {isa = PBXBuildFile; fileRef = B0FE98F518A6F518007BD817 /* main.m */; };
		B0FE98FA18A6F518007BD817 /* AppDelegate.m in Sources */ = {isa = PBXBuildFile; fileRef = B0FE98F918A6F518007BD817 /* AppDelegate.m */; };
		B0FE98FC18A6F518007BD817 /* Images.xcassets in Resources */ = {isa = PBXBuildFile; fileRef = B0FE98FB18A6F518007BD817 /* Images.xcassets */; };
		B0FE990318A6F518007BD817 /* XCTest.framework in Frameworks */ = {isa = PBXBuildFile; fileRef = B0FE990218A6F518007BD817 /* XCTest.framework */; };
		B0FE990418A6F518007BD817 /* Foundation.framework in Frameworks */ = {isa = PBXBuildFile; fileRef = B0FE98E918A6F518007BD817 /* Foundation.framework */; };
		B0FE990518A6F518007BD817 /* UIKit.framework in Frameworks */ = {isa = PBXBuildFile; fileRef = B0FE98ED18A6F518007BD817 /* UIKit.framework */; };
		B0FE990D18A6F518007BD817 /* InfoPlist.strings in Resources */ = {isa = PBXBuildFile; fileRef = B0FE990B18A6F518007BD817 /* InfoPlist.strings */; };
		B0FE990F18A6F518007BD817 /* test10Tests.m in Sources */ = {isa = PBXBuildFile; fileRef = B0FE990E18A6F518007BD817 /* test10Tests.m */; };
/* End PBXBuildFile section */

/* Begin PBXContainerItemProxy section */
		B0FE990618A6F518007BD817 /* PBXContainerItemProxy */ = {
			isa = PBXContainerItemProxy;
			containerPortal = B0FE98DE18A6F518007BD817 /* Project object */;
			proxyType = 1;
			remoteGlobalIDString = B0FE98E518A6F518007BD817;
			remoteInfo = test10;
		};
/* End PBXContainerItemProxy section */

/* Begin PBXFileReference section */
		B0FE98E618A6F518007BD817 /* test10.app */ = {isa = PBXFileReference; explicitFileType = wrapper.application; includeInIndex = 0; path = test10.app; sourceTree = BUILT_PRODUCTS_DIR; };
		B0FE98E918A6F518007BD817 /* Foundation.framework */ = {isa = PBXFileReference; lastKnownFileType = wrapper.framework; name = Foundation.framework; path = System/Library/Frameworks/Foundation.framework; sourceTree = SDKROOT; };
		B0FE98EB18A6F518007BD817 /* CoreGraphics.framework */ = {isa = PBXFileReference; lastKnownFileType = wrapper.framework; name = CoreGraphics.framework; path = System/Library/Frameworks/CoreGraphics.framework; sourceTree = SDKROOT; };
		B0FE98ED18A6F518007BD817 /* UIKit.framework */ = {isa = PBXFileReference; lastKnownFileType = wrapper.framework; name = UIKit.framework; path = System/Library/Frameworks/UIKit.framework; sourceTree = SDKROOT; };
		B0FE98F118A6F518007BD817 /* test10-Info.plist */ = {isa = PBXFileReference; lastKnownFileType = text.plist.xml; path = "test10-Info.plist"; sourceTree = "<group>"; };
		B0FE98F318A6F518007BD817 /* en */ = {isa = PBXFileReference; lastKnownFileType = text.plist.strings; name = en; path = en.lproj/InfoPlist.strings; sourceTree = "<group>"; };
		B0FE98F518A6F518007BD817 /* main.m */ = {isa = PBXFileReference; lastKnownFileType = sourcecode.c.objc; path = main.m; sourceTree = "<group>"; };
		B0FE98F718A6F518007BD817 /* test10-Prefix.pch */ = {isa = PBXFileReference; lastKnownFileType = sourcecode.c.h; path = "test10-Prefix.pch"; sourceTree = "<group>"; };
		B0FE98F818A6F518007BD817 /* AppDelegate.h */ = {isa = PBXFileReference; lastKnownFileType = sourcecode.c.h; path = AppDelegate.h; sourceTree = "<group>"; };
		B0FE98F918A6F518007BD817 /* AppDelegate.m */ = {isa = PBXFileReference; lastKnownFileType = sourcecode.c.objc; path = AppDelegate.m; sourceTree = "<group>"; };
		B0FE98FB18A6F518007BD817 /* Images.xcassets */ = {isa = PBXFileReference; lastKnownFileType = folder.assetcatalog; path = Images.xcassets; sourceTree = "<group>"; };
		B0FE990118A6F518007BD817 /* test10Tests.xctest */ = {isa = PBXFileReference; explicitFileType = wrapper.cfbundle; includeInIndex = 0; path = test10Tests.xctest; sourceTree = BUILT_PRODUCTS_DIR; };
		B0FE990218A6F518007BD817 /* XCTest.framework */ = {isa = PBXFileReference; lastKnownFileType = wrapper.framework; name = XCTest.framework; path = Library/Frameworks/XCTest.framework; sourceTree = DEVELOPER_DIR; };
		B0FE990A18A6F518007BD817 /* test10Tests-Info.plist */ = {isa = PBXFileReference; lastKnownFileType = text.plist.xml; path = "test10Tests-Info.plist"; sourceTree = "<group>"; };
		B0FE990C18A6F518007BD817 /* en */ = {isa = PBXFileReference; lastKnownFileType = text.plist.strings; name = en; path = en.lproj/InfoPlist.strings; sourceTree = "<group>"; };
		B0FE990E18A6F518007BD817 /* test10Tests.m */ = {isa = PBXFileReference; lastKnownFileType = sourcecode.c.objc; path = test10Tests.m; sourceTree = "<group>"; };
/* End PBXFileReference section */

/* Begin PBXFrameworksBuildPhase section */
		B0FE98E318A6F518007BD817 /* Frameworks */ = {
			isa = PBXFrameworksBuildPhase;
			buildActionMask = 2147483647;
			files = (
				B0FE98EC18A6F518007BD817 /* CoreGraphics.framework in Frameworks */,
				B0FE98EE18A6F518007BD817 /* UIKit.framework in Frameworks */,
				B0FE98EA18A6F518007BD817 /* Foundation.framework in Frameworks */,
			);
			runOnlyForDeploymentPostprocessing = 0;
		};
		B0FE98FE18A6F518007BD817 /* Frameworks */ = {
			isa = PBXFrameworksBuildPhase;
			buildActionMask = 2147483647;
			files = (
				B0FE990318A6F518007BD817 /* XCTest.framework in Frameworks */,
				B0FE990518A6F518007BD817 /* UIKit.framework in Frameworks */,
				B0FE990418A6F518007BD817 /* Foundation.framework in Frameworks */,
			);
			runOnlyForDeploymentPostprocessing = 0;
		};
/* End PBXFrameworksBuildPhase section */

/* Begin PBXGroup section */
		B0FE98DD18A6F518007BD817 = {
			isa = PBXGroup;
			children = (
				B0FE98EF18A6F518007BD817 /* test10 */,
				B0FE990818A6F518007BD817 /* test10Tests */,
				B0FE98E818A6F518007BD817 /* Frameworks */,
				B0FE98E718A6F518007BD817 /* Products */,
			);
			sourceTree = "<group>";
		};
		B0FE98E718A6F518007BD817 /* Products */ = {
			isa = PBXGroup;
			children = (
				B0FE98E618A6F518007BD817 /* test10.app */,
				B0FE990118A6F518007BD817 /* test10Tests.xctest */,
			);
			name = Products;
			sourceTree = "<group>";
		};
		B0FE98E818A6F518007BD817 /* Frameworks */ = {
			isa = PBXGroup;
			children = (
				B0FE98E918A6F518007BD817 /* Foundation.framework */,
				B0FE98EB18A6F518007BD817 /* CoreGraphics.framework */,
				B0FE98ED18A6F518007BD817 /* UIKit.framework */,
				B0FE990218A6F518007BD817 /* XCTest.framework */,
			);
			name = Frameworks;
			sourceTree = "<group>";
		};
		B0FE98EF18A6F518007BD817 /* test10 */ = {
			isa = PBXGroup;
			children = (
				B0FE98F818A6F518007BD817 /* AppDelegate.h */,
				B0FE98F918A6F518007BD817 /* AppDelegate.m */,
				B0FE98FB18A6F518007BD817 /* Images.xcassets */,
				B0FE98F018A6F518007BD817 /* Supporting Files */,
			);
			path = test10;
			sourceTree = "<group>";
		};
		B0FE98F018A6F518007BD817 /* Supporting Files */ = {
			isa = PBXGroup;
			children = (
				B0FE98F118A6F518007BD817 /* test10-Info.plist */,
				B0FE98F218A6F518007BD817 /* InfoPlist.strings */,
				B0FE98F518A6F518007BD817 /* main.m */,
				B0FE98F718A6F518007BD817 /* test10-Prefix.pch */,
			);
			name = "Supporting Files";
			sourceTree = "<group>";
		};
		B0FE990818A6F518007BD817 /* test10Tests */ = {
			isa = PBXGroup;
			children = (
				B0FE990E18A6F518007BD817 /* test10Tests.m */,
				B0FE990918A6F518007BD817 /* Supporting Files */,
			);
			path = test10Tests;
			sourceTree = "<group>";
		};
		B0FE990918A6F518007BD817 /* Supporting Files */ = {
			isa = PBXGroup;
			children = (
				B0FE990A18A6F518007BD817 /* test10Tests-Info.plist */,
				B0FE990B18A6F518007BD817 /* InfoPlist.strings */,
			);
			name = "Supporting Files";
			sourceTree = "<group>";
		};
/* End PBXGroup section */

/* Begin PBXNativeTarget section */
		B0FE98E518A6F518007BD817 /* test10 */ = {
			isa = PBXNativeTarget;
			buildConfigurationList = B0FE991218A6F518007BD817 /* Build configuration list for PBXNativeTarget "test10" */;
			buildPhases = (
				B0FE98E218A6F518007BD817 /* Sources */,
				B0FE98E318A6F518007BD817 /* Frameworks */,
				B0FE98E418A6F518007BD817 /* Resources */,
			);
			buildRules = (
			);
			dependencies = (
			);
			name = test10;
			productName = test10;
			productReference = B0FE98E618A6F518007BD817 /* test10.app */;
			productType = "com.apple.product-type.application";
		};
		B0FE990018A6F518007BD817 /* test10Tests */ = {
			isa = PBXNativeTarget;
			buildConfigurationList = B0FE991518A6F518007BD817 /* Build configuration list for PBXNativeTarget "test10Tests" */;
			buildPhases = (
				B0FE98FD18A6F518007BD817 /* Sources */,
				B0FE98FE18A6F518007BD817 /* Frameworks */,
				B0FE98FF18A6F518007BD817 /* Resources */,
			);
			buildRules = (
			);
			dependencies = (
				B0FE990718A6F518007BD817 /* PBXTargetDependency */,
			);
			name = test10Tests;
			productName = test10Tests;
			productReference = B0FE990118A6F518007BD817 /* test10Tests.xctest */;
			productType = "com.apple.product-type.bundle.unit-test";
		};
/* End PBXNativeTarget section */

/* Begin PBXProject section */
		B0FE98DE18A6F518007BD817 /* Project object */ = {
			isa = PBXProject;
			attributes = {
				LastUpgradeCheck = 0500;
				ORGANIZATIONNAME = "WAYNE SMALL";
				TargetAttributes = {
					B0FE990018A6F518007BD817 = {
						TestTargetID = B0FE98E518A6F518007BD817;
					};
				};
			};
			buildConfigurationList = B0FE98E118A6F518007BD817 /* Build configuration list for PBXProject "test10" */;
			compatibilityVersion = "Xcode 3.2";
			developmentRegion = English;
			hasScannedForEncodings = 0;
			knownRegions = (
				en,
			);
			mainGroup = B0FE98DD18A6F518007BD817;
			productRefGroup = B0FE98E718A6F518007BD817 /* Products */;
			projectDirPath = "";
			projectRoot = "";
			targets = (
				B0FE98E518A6F518007BD817 /* test10 */,
				B0FE990018A6F518007BD817 /* test10Tests */,
			);
		};
/* End PBXProject section */

/* Begin PBXResourcesBuildPhase section */
		B0FE98E418A6F518007BD817 /* Resources */ = {
			isa = PBXResourcesBuildPhase;
			buildActionMask = 2147483647;
			files = (
				B0FE98F418A6F518007BD817 /* InfoPlist.strings in Resources */,
				B0FE98FC18A6F518007BD817 /* Images.xcassets in Resources */,
			);
			runOnlyForDeploymentPostprocessing = 0;
		};
		B0FE98FF18A6F518007BD817 /* Resources */ = {
			isa = PBXResourcesBuildPhase;
			buildActionMask = 2147483647;
			files = (
				B0FE990D18A6F518007BD817 /* InfoPlist.strings in Resources */,
			);
			runOnlyForDeploymentPostprocessing = 0;
		};
/* End PBXResourcesBuildPhase section */

/* Begin PBXSourcesBuildPhase section */
		B0FE98E218A6F518007BD817 /* Sources */ = {
			isa = PBXSourcesBuildPhase;
			buildActionMask = 2147483647;
			files = (
				B0FE98FA18A6F518007BD817 /* AppDelegate.m in Sources */,
				B0FE98F618A6F518007BD817 /* main.m in Sources */,
			);
			runOnlyForDeploymentPostprocessing = 0;
		};
		B0FE98FD18A6F518007BD817 /* Sources */ = {
			isa = PBXSourcesBuildPhase;
			buildActionMask = 2147483647;
			files = (
				B0FE990F18A6F518007BD817 /* test10Tests.m in Sources */,
			);
			runOnlyForDeploymentPostprocessing = 0;
		};
/* End PBXSourcesBuildPhase section */

/* Begin PBXTargetDependency section */
		B0FE990718A6F518007BD817 /* PBXTargetDependency */ = {
			isa = PBXTargetDependency;
			target = B0FE98E518A6F518007BD817 /* test10 */;
			targetProxy = B0FE990618A6F518007BD817 /* PBXContainerItemProxy */;
		};
/* End PBXTargetDependency section */

/* Begin PBXVariantGroup section */
		B0FE98F218A6F518007BD817 /* InfoPlist.strings */ = {
			isa = PBXVariantGroup;
			children = (
				B0FE98F318A6F518007BD817 /* en */,
			);
			name = InfoPlist.strings;
			sourceTree = "<group>";
		};
		B0FE990B18A6F518007BD817 /* InfoPlist.strings */ = {
			isa = PBXVariantGroup;
			children = (
				B0FE990C18A6F518007BD817 /* en */,
			);
			name = InfoPlist.strings;
			sourceTree = "<group>";
		};
/* End PBXVariantGroup section */

/* Begin XCBuildConfiguration section */
		B0FE991018A6F518007BD817 /* Debug */ = {
			isa = XCBuildConfiguration;
			buildSettings = {
				ALWAYS_SEARCH_USER_PATHS = NO;
				ARCHS = "$(ARCHS_STANDARD_INCLUDING_64_BIT)";
				CLANG_CXX_LANGUAGE_STANDARD = "gnu++0x";
				CLANG_CXX_LIBRARY = "libc++";
				CLANG_ENABLE_MODULES = YES;
				CLANG_ENABLE_OBJC_ARC = YES;
				CLANG_WARN_BOOL_CONVERSION = YES;
				CLANG_WARN_CONSTANT_CONVERSION = YES;
				CLANG_WARN_DIRECT_OBJC_ISA_USAGE = YES_ERROR;
				CLANG_WARN_EMPTY_BODY = YES;
				CLANG_WARN_ENUM_CONVERSION = YES;
				CLANG_WARN_INT_CONVERSION = YES;
				CLANG_WARN_OBJC_ROOT_CLASS = YES_ERROR;
				CLANG_WARN__DUPLICATE_METHOD_MATCH = YES;
				"CODE_SIGN_IDENTITY[sdk=iphoneos*]" = "iPhone Developer";
				COPY_PHASE_STRIP = NO;
				GCC_C_LANGUAGE_STANDARD = gnu99;
				GCC_DYNAMIC_NO_PIC = NO;
				GCC_OPTIMIZATION_LEVEL = 0;
				GCC_PREPROCESSOR_DEFINITIONS = (
					"DEBUG=1",
					"$(inherited)",
				);
				GCC_SYMBOLS_PRIVATE_EXTERN = NO;
				GCC_WARN_64_TO_32_BIT_CONVERSION = YES;
				GCC_WARN_ABOUT_RETURN_TYPE = YES_ERROR;
				GCC_WARN_UNDECLARED_SELECTOR = YES;
				GCC_WARN_UNINITIALIZED_AUTOS = YES;
				GCC_WARN_UNUSED_FUNCTION = YES;
				GCC_WARN_UNUSED_VARIABLE = YES;
				IPHONEOS_DEPLOYMENT_TARGET = 7.0;
				ONLY_ACTIVE_ARCH = YES;
				SDKROOT = iphoneos;
			};
			name = Debug;
		};
		B0FE991118A6F518007BD817 /* Release */ = {
			isa = XCBuildConfiguration;
			buildSettings = {
				ALWAYS_SEARCH_USER_PATHS = NO;
				ARCHS = "$(ARCHS_STANDARD_INCLUDING_64_BIT)";
				CLANG_CXX_LANGUAGE_STANDARD = "gnu++0x";
				CLANG_CXX_LIBRARY = "libc++";
				CLANG_ENABLE_MODULES = YES;
				CLANG_ENABLE_OBJC_ARC = YES;
				CLANG_WARN_BOOL_CONVERSION = YES;
				CLANG_WARN_CONSTANT_CONVERSION = YES;
				CLANG_WARN_DIRECT_OBJC_ISA_USAGE = YES_ERROR;
				CLANG_WARN_EMPTY_BODY = YES;
				CLANG_WARN_ENUM_CONVERSION = YES;
				CLANG_WARN_INT_CONVERSION = YES;
				CLANG_WARN_OBJC_ROOT_CLASS = YES_ERROR;
				CLANG_WARN__DUPLICATE_METHOD_MATCH = YES;
				"CODE_SIGN_IDENTITY[sdk=iphoneos*]" = "iPhone Developer";
				COPY_PHASE_STRIP = YES;
				ENABLE_NS_ASSERTIONS = NO;
				GCC_C_LANGUAGE_STANDARD = gnu99;
				GCC_WARN_64_TO_32_BIT_CONVERSION = YES;
				GCC_WARN_ABOUT_RETURN_TYPE = YES_ERROR;
				GCC_WARN_UNDECLARED_SELECTOR = YES;
				GCC_WARN_UNINITIALIZED_AUTOS = YES;
				GCC_WARN_UNUSED_FUNCTION = YES;
				GCC_WARN_UNUSED_VARIABLE = YES;
				IPHONEOS_DEPLOYMENT_TARGET = 7.0;
				SDKROOT = iphoneos;
				VALIDATE_PRODUCT = YES;
			};
			name = Release;
		};
		B0FE991318A6F518007BD817 /* Debug */ = {
			isa = XCBuildConfiguration;
			buildSettings = {
				ASSETCATALOG_COMPILER_APPICON_NAME = AppIcon;
				ASSETCATALOG_COMPILER_LAUNCHIMAGE_NAME = LaunchImage;
				GCC_PRECOMPILE_PREFIX_HEADER = YES;
				GCC_PREFIX_HEADER = "test10/test10-Prefix.pch";
				INFOPLIST_FILE = "test10/test10-Info.plist";
				PRODUCT_NAME = "$(TARGET_NAME)";
				WRAPPER_EXTENSION = app;
			};
			name = Debug;
		};
		B0FE991418A6F518007BD817 /* Release */ = {
			isa = XCBuildConfiguration;
			buildSettings = {
				ASSETCATALOG_COMPILER_APPICON_NAME = AppIcon;
				ASSETCATALOG_COMPILER_LAUNCHIMAGE_NAME = LaunchImage;
				GCC_PRECOMPILE_PREFIX_HEADER = YES;
				GCC_PREFIX_HEADER = "test10/test10-Prefix.pch";
				INFOPLIST_FILE = "test10/test10-Info.plist";
				PRODUCT_NAME = "$(TARGET_NAME)";
				WRAPPER_EXTENSION = app;
			};
			name = Release;
		};
		B0FE991618A6F518007BD817 /* Debug */ = {
			isa = XCBuildConfiguration;
			buildSettings = {
				ARCHS = "$(ARCHS_STANDARD_INCLUDING_64_BIT)";
				BUNDLE_LOADER = "$(BUILT_PRODUCTS_DIR)/test10.app/test10";
				FRAMEWORK_SEARCH_PATHS = (
					"$(SDKROOT)/Developer/Library/Frameworks",
					"$(inherited)",
					"$(DEVELOPER_FRAMEWORKS_DIR)",
				);
				GCC_PRECOMPILE_PREFIX_HEADER = YES;
				GCC_PREFIX_HEADER = "test10/test10-Prefix.pch";
				GCC_PREPROCESSOR_DEFINITIONS = (
					"DEBUG=1",
					"$(inherited)",
				);
				INFOPLIST_FILE = "test10Tests/test10Tests-Info.plist";
				PRODUCT_NAME = "$(TARGET_NAME)";
				TEST_HOST = "$(BUNDLE_LOADER)";
				WRAPPER_EXTENSION = xctest;
			};
			name = Debug;
		};
		B0FE991718A6F518007BD817 /* Release */ = {
			isa = XCBuildConfiguration;
			buildSettings = {
				ARCHS = "$(ARCHS_STANDARD_INCLUDING_64_BIT)";
				BUNDLE_LOADER = "$(BUILT_PRODUCTS_DIR)/test10.app/test10";
				FRAMEWORK_SEARCH_PATHS = (
					"$(SDKROOT)/Developer/Library/Frameworks",
					"$(inherited)",
					"$(DEVELOPER_FRAMEWORKS_DIR)",
				);
				GCC_PRECOMPILE_PREFIX_HEADER = YES;
				GCC_PREFIX_HEADER = "test10/test10-Prefix.pch";
				INFOPLIST_FILE = "test10Tests/test10Tests-Info.plist";
				PRODUCT_NAME = "$(TARGET_NAME)";
				TEST_HOST = "$(BUNDLE_LOADER)";
				WRAPPER_EXTENSION = xctest;
			};
			name = Release;
		};
/* End XCBuildConfiguration section */

/* Begin XCConfigurationList section */
		B0FE98E118A6F518007BD817 /* Build configuration list for PBXProject "test10" */ = {
			isa = XCConfigurationList;
			buildConfigurations = (
				B0FE991018A6F518007BD817 /* Debug */,
				B0FE991118A6F518007BD817 /* Release */,
			);
			defaultConfigurationIsVisible = 0;
			defaultConfigurationName = Release;
		};
		B0FE991218A6F518007BD817 /* Build configuration list for PBXNativeTarget "test10" */ = {
			isa = XCConfigurationList;
			buildConfigurations = (
				B0FE991318A6F518007BD817 /* Debug */,
				B0FE991418A6F518007BD817 /* Release */,
			);
			defaultConfigurationIsVisible = 0;
		};
		B0FE991518A6F518007BD817 /* Build configuration list for PBXNativeTarget "test10Tests" */ = {
			isa = XCConfigurationList;
			buildConfigurations = (
				B0FE991618A6F518007BD817 /* Debug */,
				B0FE991718A6F518007BD817 /* Release */,
			);
			defaultConfigurationIsVisible = 0;
		};
/* End XCConfigurationList section */
	};
	rootObject = B0FE98DE18A6F518007BD817 /* Project object */;
}
